
Microsoft Visual Studio Solution File, Format Version 12.00
# Visual Studio Version 16
VisualStudioVersion = 16.0.30011.22
MinimumVisualStudioVersion = 10.0.40219.1
Project("{FAE04EC0-301F-11D3-BF4B-00C04F79EFBC}") = "FrenoCastanheiro_WebservicesProject", "FrenoCastanheiro_WebservicesProject\FrenoCastanheiro_WebservicesProject.csproj", "{6B0CD51A-CF59-4ED6-BA71-A4D5561821DC}"
EndProject
Project("{FAE04EC0-301F-11D3-BF4B-00C04F79EFBC}") = "WcfServicePrintPayment", "WcfServicePrintPayment\WcfServicePrintPayment.csproj", "{D3A9AFF1-EB21-44D2-9572-5B3FACEB80E3}"
EndProject
Global
	GlobalSection(SolutionConfigurationPlatforms) = preSolution
		Debug|Any CPU = Debug|Any CPU
		Release|Any CPU = Release|Any CPU
	EndGlobalSection
	GlobalSection(ProjectConfigurationPlatforms) = postSolution
		{6B0CD51A-CF59-4ED6-BA71-A4D5561821DC}.Debug|Any CPU.ActiveCfg = Debug|Any CPU
		{6B0CD51A-CF59-4ED6-BA71-A4D5561821DC}.Debug|Any CPU.Build.0 = Debug|Any CPU
		{6B0CD51A-CF59-4ED6-BA71-A4D5561821DC}.Release|Any CPU.ActiveCfg = Release|Any CPU
		{6B0CD51A-CF59-4ED6-BA71-A4D5561821DC}.Release|Any CPU.Build.0 = Release|Any CPU
		{D3A9AFF1-EB21-44D2-9572-5B3FACEB80E3}.Debug|Any CPU.ActiveCfg = Debug|Any CPU
		{D3A9AFF1-EB21-44D2-9572-5B3FACEB80E3}.Debug|Any CPU.Build.0 = Debug|Any CPU
		{D3A9AFF1-EB21-44D2-9572-5B3FACEB80E3}.Release|Any CPU.ActiveCfg = Release|Any CPU
		{D3A9AFF1-EB21-44D2-9572-5B3FACEB80E3}.Release|Any CPU.Build.0 = Release|Any CPU
	EndGlobalSection
	GlobalSection(SolutionProperties) = preSolution
		HideSolutionNode = FALSE
	EndGlobalSection
	GlobalSection(ExtensibilityGlobals) = postSolution
		SolutionGuid = {08419BA2-82C1-4C92-9EFB-9B09C6F1F59C}
	EndGlobalSection
EndGlobal
